
Microsoft Visual Studio Solution File, Format Version 12.00
# Visual Studio Version 16
VisualStudioVersion = 16.0.29001.49
MinimumVisualStudioVersion = 10.0.40219.1
Project("{FAE04EC0-301F-11D3-BF4B-00C04F79EFBC}") = "Our.Umbraco.HCSlackNM", "src\Our.Umbraco.HCSlackNM\Our.Umbraco.HCSlackNM.csproj", "{020C131C-CB5F-4DAB-85B9-A387F2427421}"
EndProject
Project("{2150E333-8FDC-42A3-9474-1A3956D46DE8}") = "Build", "Build", "{470FA32D-9976-47CA-AD4F-EC414A18043F}"
	ProjectSection(SolutionItems) = preProject
		build\appveyor-semver.ps1 = build\appveyor-semver.ps1
		appveyor.yml = appveyor.yml
		build\bootstrap-nuget.ps1 = build\bootstrap-nuget.ps1
		build-appveyor.cmd = build-appveyor.cmd
		build.cmd = build.cmd
		build\check-release-version.ps1 = build\check-release-version.ps1
		build\HCSlackNM.proj = build\HCSlackNM.proj
		build\package.nuspec = build\package.nuspec
		build\package.proj = build\package.proj
		build\package.xml = build\package.xml
		build\readme.txt = build\readme.txt
	EndProjectSection
EndProject
Project("{2150E333-8FDC-42A3-9474-1A3956D46DE8}") = "Transforms", "Transforms", "{E26FE0B6-B4B4-4EF1-BABC-8F6B83587D9C}"
	ProjectSection(SolutionItems) = preProject
		build\transforms\HealthChecks.config.install.xdt = build\transforms\HealthChecks.config.install.xdt
		build\transforms\HealthChecks.config.uninstall.xdt = build\transforms\HealthChecks.config.uninstall.xdt
	EndProjectSection
EndProject
Project("{FAE04EC0-301F-11D3-BF4B-00C04F79EFBC}") = "TestSite", "src\TestSite\TestSite.csproj", "{26CE883D-FA30-47AF-81E6-CCEF62986B84}"
EndProject
Project("{FAE04EC0-301F-11D3-BF4B-00C04F79EFBC}") = "Our.Umbraco.HCSlackNM.Installer", "src\Our.Umbraco.HCSlackNM.Installer\Our.Umbraco.HCSlackNM.Installer.csproj", "{87F2977F-A6BF-420F-9D3D-0720BED4AACB}"
EndProject
Global
	GlobalSection(SolutionConfigurationPlatforms) = preSolution
		Debug|Any CPU = Debug|Any CPU
		Release|Any CPU = Release|Any CPU
	EndGlobalSection
	GlobalSection(ProjectConfigurationPlatforms) = postSolution
		{020C131C-CB5F-4DAB-85B9-A387F2427421}.Debug|Any CPU.ActiveCfg = Debug|Any CPU
		{020C131C-CB5F-4DAB-85B9-A387F2427421}.Debug|Any CPU.Build.0 = Debug|Any CPU
		{020C131C-CB5F-4DAB-85B9-A387F2427421}.Release|Any CPU.ActiveCfg = Release|Any CPU
		{020C131C-CB5F-4DAB-85B9-A387F2427421}.Release|Any CPU.Build.0 = Release|Any CPU
		{26CE883D-FA30-47AF-81E6-CCEF62986B84}.Debug|Any CPU.ActiveCfg = Debug|Any CPU
		{26CE883D-FA30-47AF-81E6-CCEF62986B84}.Debug|Any CPU.Build.0 = Debug|Any CPU
		{26CE883D-FA30-47AF-81E6-CCEF62986B84}.Release|Any CPU.ActiveCfg = Release|Any CPU
		{26CE883D-FA30-47AF-81E6-CCEF62986B84}.Release|Any CPU.Build.0 = Release|Any CPU
		{87F2977F-A6BF-420F-9D3D-0720BED4AACB}.Debug|Any CPU.ActiveCfg = Debug|Any CPU
		{87F2977F-A6BF-420F-9D3D-0720BED4AACB}.Debug|Any CPU.Build.0 = Debug|Any CPU
		{87F2977F-A6BF-420F-9D3D-0720BED4AACB}.Release|Any CPU.ActiveCfg = Release|Any CPU
		{87F2977F-A6BF-420F-9D3D-0720BED4AACB}.Release|Any CPU.Build.0 = Release|Any CPU
	EndGlobalSection
	GlobalSection(SolutionProperties) = preSolution
		HideSolutionNode = FALSE
	EndGlobalSection
	GlobalSection(NestedProjects) = preSolution
		{E26FE0B6-B4B4-4EF1-BABC-8F6B83587D9C} = {470FA32D-9976-47CA-AD4F-EC414A18043F}
	EndGlobalSection
	GlobalSection(ExtensibilityGlobals) = postSolution
		SolutionGuid = {2DACFE0A-F699-4F73-BDBA-9FC86ADB358A}
	EndGlobalSection
EndGlobal
